PODS:
  - Alamofire (4.7.3)
  - DeviceKit (1.7.0)

DEPENDENCIES:
  - Alamofire (~> 4.7)
  - DeviceKit

SPEC REPOS:
  https://github.com/cocoapods/specs.git:
    - Alamofire
    - DeviceKit

SPEC CHECKSUMS:
  Alamofire: c7287b6e5d7da964a70935e5db17046b7fde6568
  DeviceKit: 6a5bdeb103c03757bb94aef1ccb01e08bc8ef4ee

PODFILE CHECKSUM: 1f41c397103e0fd0154d0791512676161d97740d

COCOAPODS: 1.5.3
