PODS:
  - Alamofire (4.8.2)
  - DeviceKit (2.0.0)

DEPENDENCIES:
  - Alamofire (~> 4.8.2)
  - DeviceKit

SPEC REPOS:
  https://github.com/CocoaPods/Specs.git:
    - Alamofire
    - DeviceKit

SPEC CHECKSUMS:
  Alamofire: ae5c501addb7afdbb13687d7f2f722c78734c2d3
  DeviceKit: 72d36709552d4b3582abd76a53949148acad9811

PODFILE CHECKSUM: ba0406835fb1fec2e381edd888f7dbb82f4ff355

COCOAPODS: 1.8.3
